
Microsoft Visual Studio Solution File, Format Version 12.00
# Visual Studio Version 17
VisualStudioVersion = 17.8.34525.116
MinimumVisualStudioVersion = 10.0.40219.1
Project("{FAE04EC0-301F-11D3-BF4B-00C04F79EFBC}") = "WinFormsApp5Calculate", "WinFormsApp5Calculate\WinFormsApp5Calculate.csproj", "{1D01CEC8-5832-4826-A4B1-A9261075C865}"
EndProject
Global
	GlobalSection(SolutionConfigurationPlatforms) = preSolution
		Debug|Any CPU = Debug|Any CPU
		Release|Any CPU = Release|Any CPU
	EndGlobalSection
	GlobalSection(ProjectConfigurationPlatforms) = postSolution
		{1D01CEC8-5832-4826-A4B1-A9261075C865}.Debug|Any CPU.ActiveCfg = Debug|Any CPU
		{1D01CEC8-5832-4826-A4B1-A9261075C865}.Debug|Any CPU.Build.0 = Debug|Any CPU
		{1D01CEC8-5832-4826-A4B1-A9261075C865}.Release|Any CPU.ActiveCfg = Release|Any CPU
		{1D01CEC8-5832-4826-A4B1-A9261075C865}.Release|Any CPU.Build.0 = Release|Any CPU
	EndGlobalSection
	GlobalSection(SolutionProperties) = preSolution
		HideSolutionNode = FALSE
	EndGlobalSection
	GlobalSection(ExtensibilityGlobals) = postSolution
		SolutionGuid = {E6F56AC8-DBD5-4CFD-86F5-C20FDF0BAD4A}
	EndGlobalSection
EndGlobal
